
Microsoft Visual Studio Solution File, Format Version 12.00
# Visual Studio Version 16
VisualStudioVersion = 16.0.29326.143
MinimumVisualStudioVersion = 10.0.40219.1
Project("{FAE04EC0-301F-11D3-BF4B-00C04F79EFBC}") = "MainWork", "MainWork\MainWork.csproj", "{C693CC09-25E1-4DCA-A363-CA57AB92A9FB}"
EndProject
Global
	GlobalSection(SolutionConfigurationPlatforms) = preSolution
		Debug|Any CPU = Debug|Any CPU
		Release|Any CPU = Release|Any CPU
	EndGlobalSection
	GlobalSection(ProjectConfigurationPlatforms) = postSolution
		{C693CC09-25E1-4DCA-A363-CA57AB92A9FB}.Debug|Any CPU.ActiveCfg = Debug|Any CPU
		{C693CC09-25E1-4DCA-A363-CA57AB92A9FB}.Debug|Any CPU.Build.0 = Debug|Any CPU
		{C693CC09-25E1-4DCA-A363-CA57AB92A9FB}.Release|Any CPU.ActiveCfg = Release|Any CPU
		{C693CC09-25E1-4DCA-A363-CA57AB92A9FB}.Release|Any CPU.Build.0 = Release|Any CPU
	EndGlobalSection
	GlobalSection(SolutionProperties) = preSolution
		HideSolutionNode = FALSE
	EndGlobalSection
	GlobalSection(ExtensibilityGlobals) = postSolution
		SolutionGuid = {991D9DE3-6766-4F4B-BE54-7AAD48714C42}
	EndGlobalSection
EndGlobal
